// !$*UTF8*$!
{
	archiveVersion = 1;
	classes = {
	};
	objectVersion = 55;
	objects = {

/* Begin PBXFileReference section */
		FF0AEB4E2843303B00B80BB3 /* 왜숫자타입을사용하나요.playground */ = {isa = PBXFileReference; lastKnownFileType = file.playground; path = "왜숫자타입을사용하나요.playground"; sourceTree = "<group>"; xcLanguageSpecificationIdentifier = xcode.lang.swift; };
		FF0AEB502845780F00B80BB3 /* AdapterPattern.playground */ = {isa = PBXFileReference; lastKnownFileType = file.playground; path = AdapterPattern.playground; sourceTree = "<group>"; xcLanguageSpecificationIdentifier = xcode.lang.swift; };
/* End PBXFileReference section */

/* Begin PBXGroup section */
		FF0AEB4728432FFB00B80BB3 = {
			isa = PBXGroup;
			children = (
				FF0AEB4F284577F500B80BB3 /* DesignPattern */,
				FF0AEB4E2843303B00B80BB3 /* 왜숫자타입을사용하나요.playground */,
			);
			sourceTree = "<group>";
		};
		FF0AEB4F284577F500B80BB3 /* DesignPattern */ = {
			isa = PBXGroup;
			children = (
				FF0AEB502845780F00B80BB3 /* AdapterPattern.playground */,
			);
			path = DesignPattern;
			sourceTree = "<group>";
		};
/* End PBXGroup section */

/* Begin PBXProject section */
		FF0AEB4828432FFB00B80BB3 /* Project object */ = {
			isa = PBXProject;
			attributes = {
				BuildIndependentTargetsInParallel = 1;
				LastUpgradeCheck = 1340;
			};
			buildConfigurationList = FF0AEB4B28432FFB00B80BB3 /* Build configuration list for PBXProject "SwiftStudy" */;
			compatibilityVersion = "Xcode 13.0";
			developmentRegion = en;
			hasScannedForEncodings = 0;
			knownRegions = (
				en,
				Base,
			);
			mainGroup = FF0AEB4728432FFB00B80BB3;
			projectDirPath = "";
			projectRoot = "";
			targets = (
			);
		};
/* End PBXProject section */

/* Begin XCBuildConfiguration section */
		FF0AEB4C28432FFB00B80BB3 /* Debug */ = {
			isa = XCBuildConfiguration;
			buildSettings = {
			};
			name = Debug;
		};
		FF0AEB4D28432FFB00B80BB3 /* Release */ = {
			isa = XCBuildConfiguration;
			buildSettings = {
			};
			name = Release;
		};
/* End XCBuildConfiguration section */

/* Begin XCConfigurationList section */
		FF0AEB4B28432FFB00B80BB3 /* Build configuration list for PBXProject "SwiftStudy" */ = {
			isa = XCConfigurationList;
			buildConfigurations = (
				FF0AEB4C28432FFB00B80BB3 /* Debug */,
				FF0AEB4D28432FFB00B80BB3 /* Release */,
			);
			defaultConfigurationIsVisible = 0;
			defaultConfigurationName = Release;
		};
/* End XCConfigurationList section */
	};
	rootObject = FF0AEB4828432FFB00B80BB3 /* Project object */;
}
